
Microsoft Visual Studio Solution File, Format Version 12.00
# Visual Studio Version 16
VisualStudioVersion = 16.0.28803.452
MinimumVisualStudioVersion = 10.0.40219.1
Project("{FAE04EC0-301F-11D3-BF4B-00C04F79EFBC}") = "Striking.Mail.SurveillanceImages", "Striking.Mail.SurveillanceImages\Striking.Mail.SurveillanceImages.csproj", "{53E06BA2-7681-4B29-8D99-16F448F1F567}"
EndProject
Global
	GlobalSection(SolutionConfigurationPlatforms) = preSolution
		Debug|Any CPU = Debug|Any CPU
		Release|Any CPU = Release|Any CPU
	EndGlobalSection
	GlobalSection(ProjectConfigurationPlatforms) = postSolution
		{53E06BA2-7681-4B29-8D99-16F448F1F567}.Debug|Any CPU.ActiveCfg = Debug|Any CPU
		{53E06BA2-7681-4B29-8D99-16F448F1F567}.Debug|Any CPU.Build.0 = Debug|Any CPU
		{53E06BA2-7681-4B29-8D99-16F448F1F567}.Release|Any CPU.ActiveCfg = Release|Any CPU
		{53E06BA2-7681-4B29-8D99-16F448F1F567}.Release|Any CPU.Build.0 = Release|Any CPU
	EndGlobalSection
	GlobalSection(SolutionProperties) = preSolution
		HideSolutionNode = FALSE
	EndGlobalSection
	GlobalSection(ExtensibilityGlobals) = postSolution
		SolutionGuid = {3B899B0C-E496-4629-A1E9-0ECF6CFB35F4}
	EndGlobalSection
EndGlobal
